
Microsoft Visual Studio Solution File, Format Version 12.00
# Visual Studio Version 17
VisualStudioVersion = 17.2.32505.173
MinimumVisualStudioVersion = 10.0.40219.1
Project("{2150E333-8FDC-42A3-9474-1A3956D46DE8}") = "Microservices", "Microservices", "{69622F9E-8F70-4133-8550-3C930024CF20}"
EndProject
Project("{2150E333-8FDC-42A3-9474-1A3956D46DE8}") = "Catalog", "Catalog", "{D685AEC7-41BA-4A18-B690-952BDF78BEA0}"
EndProject
Project("{9A19103F-16F7-4668-BE54-9A1E7A4F7556}") = "Catalog.API", "Microservices\Catalog\Catalog.API\Catalog.API.csproj", "{E9595CE6-0F33-4E27-942C-EA1E48AA9896}"
EndProject
Project("{E53339B2-1760-4266-BCC7-CA923CBCF16C}") = "docker-compose", "docker-compose.dcproj", "{5804822E-70D2-4061-99F0-A33F24E59F80}"
EndProject
Project("{2150E333-8FDC-42A3-9474-1A3956D46DE8}") = "Cart", "Cart", "{AD21BB5E-B3D3-408C-8101-FC39EC78D95D}"
EndProject
Project("{9A19103F-16F7-4668-BE54-9A1E7A4F7556}") = "Cart.API", "Microservices\Cart\Cart.API\Cart.API.csproj", "{CAA7F28B-8CA7-4230-AB84-52B19915CA90}"
EndProject
Project("{2150E333-8FDC-42A3-9474-1A3956D46DE8}") = "Discount", "Discount", "{74B8B49F-902F-4E71-A639-77F6182107B8}"
EndProject
Project("{9A19103F-16F7-4668-BE54-9A1E7A4F7556}") = "Discount.API", "Microservices\Discount\Discount.API\Discount.API.csproj", "{B0C6137A-0E01-4E87-B796-F4421F98B450}"
EndProject
Project("{9A19103F-16F7-4668-BE54-9A1E7A4F7556}") = "Discount.Grpc", "Microservices\Discount\Discount.Grpc\Discount.Grpc.csproj", "{0D7EFB6E-BFDD-4A82-B866-B26A7B9FA73B}"
EndProject
Project("{9A19103F-16F7-4668-BE54-9A1E7A4F7556}") = "Discount.Library", "Microservices\Discount\DiscountLibrary\Discount.Library.csproj", "{FD5E7D5B-76E9-4590-A374-5E348B37678C}"
EndProject
Project("{2150E333-8FDC-42A3-9474-1A3956D46DE8}") = "Order", "Order", "{BC5733F0-5EC6-4FCA-9EC2-9C5852B733F2}"
EndProject
Project("{9A19103F-16F7-4668-BE54-9A1E7A4F7556}") = "Order.API", "Microservices\Order\Order.API\Order.API.csproj", "{E8FF2E84-F8A9-425F-B161-4CDF8587AD53}"
EndProject
Project("{9A19103F-16F7-4668-BE54-9A1E7A4F7556}") = "Order.Domain", "Microservices\Order\Order.Domain\Order.Domain.csproj", "{B1F12C85-FAE4-4E14-9700-C31326F3958F}"
EndProject
Project("{9A19103F-16F7-4668-BE54-9A1E7A4F7556}") = "Order.Application", "Microservices\Order\Order.Application\Order.Application.csproj", "{BF9E28F6-A3FB-4002-9739-0A30A8998B43}"
EndProject
Project("{9A19103F-16F7-4668-BE54-9A1E7A4F7556}") = "Order.Infrastructure", "Microservices\Order\Order.Infrastructure\Order.Infrastructure.csproj", "{2CDC3E16-F29F-4789-8555-E1541074DBE2}"
EndProject
Project("{2150E333-8FDC-42A3-9474-1A3956D46DE8}") = "BuildingBlocks", "BuildingBlocks", "{8C40F35D-37AC-46BC-B9FD-B9DE9FE48CFC}"
EndProject
Project("{9A19103F-16F7-4668-BE54-9A1E7A4F7556}") = "EventBus.Messages", "BuildingBlocks\EventBus.Messages\EventBus.Messages.csproj", "{B6D0E175-F460-4C39-9EA2-B0D3B34E5A86}"
EndProject
Project("{2150E333-8FDC-42A3-9474-1A3956D46DE8}") = "Gateways", "Gateways", "{FF3CDE4F-5699-4906-8EC2-1FEDC39AC3B7}"
EndProject
Project("{9A19103F-16F7-4668-BE54-9A1E7A4F7556}") = "OcelotGateway", "Gateways\OcelotGateway\OcelotGateway.csproj", "{A2EE32FE-4FF0-4B34-B08A-7DEF202F3E8A}"
EndProject
Project("{9A19103F-16F7-4668-BE54-9A1E7A4F7556}") = "Shop.Aggregator", "Gateways\Shop.Aggregator\Shop.Aggregator.csproj", "{C25A0A8B-E1F6-4EF7-9C55-C8CAFA42280B}"
EndProject
Global
	GlobalSection(SolutionConfigurationPlatforms) = preSolution
		Debug|Any CPU = Debug|Any CPU
		Release|Any CPU = Release|Any CPU
	EndGlobalSection
	GlobalSection(ProjectConfigurationPlatforms) = postSolution
		{E9595CE6-0F33-4E27-942C-EA1E48AA9896}.Debug|Any CPU.ActiveCfg = Debug|Any CPU
		{E9595CE6-0F33-4E27-942C-EA1E48AA9896}.Debug|Any CPU.Build.0 = Debug|Any CPU
		{E9595CE6-0F33-4E27-942C-EA1E48AA9896}.Release|Any CPU.ActiveCfg = Release|Any CPU
		{E9595CE6-0F33-4E27-942C-EA1E48AA9896}.Release|Any CPU.Build.0 = Release|Any CPU
		{5804822E-70D2-4061-99F0-A33F24E59F80}.Debug|Any CPU.ActiveCfg = Debug|Any CPU
		{5804822E-70D2-4061-99F0-A33F24E59F80}.Debug|Any CPU.Build.0 = Debug|Any CPU
		{5804822E-70D2-4061-99F0-A33F24E59F80}.Release|Any CPU.ActiveCfg = Release|Any CPU
		{5804822E-70D2-4061-99F0-A33F24E59F80}.Release|Any CPU.Build.0 = Release|Any CPU
		{CAA7F28B-8CA7-4230-AB84-52B19915CA90}.Debug|Any CPU.ActiveCfg = Debug|Any CPU
		{CAA7F28B-8CA7-4230-AB84-52B19915CA90}.Debug|Any CPU.Build.0 = Debug|Any CPU
		{CAA7F28B-8CA7-4230-AB84-52B19915CA90}.Release|Any CPU.ActiveCfg = Release|Any CPU
		{CAA7F28B-8CA7-4230-AB84-52B19915CA90}.Release|Any CPU.Build.0 = Release|Any CPU
		{B0C6137A-0E01-4E87-B796-F4421F98B450}.Debug|Any CPU.ActiveCfg = Debug|Any CPU
		{B0C6137A-0E01-4E87-B796-F4421F98B450}.Debug|Any CPU.Build.0 = Debug|Any CPU
		{B0C6137A-0E01-4E87-B796-F4421F98B450}.Release|Any CPU.ActiveCfg = Release|Any CPU
		{B0C6137A-0E01-4E87-B796-F4421F98B450}.Release|Any CPU.Build.0 = Release|Any CPU
		{0D7EFB6E-BFDD-4A82-B866-B26A7B9FA73B}.Debug|Any CPU.ActiveCfg = Debug|Any CPU
		{0D7EFB6E-BFDD-4A82-B866-B26A7B9FA73B}.Debug|Any CPU.Build.0 = Debug|Any CPU
		{0D7EFB6E-BFDD-4A82-B866-B26A7B9FA73B}.Release|Any CPU.ActiveCfg = Release|Any CPU
		{0D7EFB6E-BFDD-4A82-B866-B26A7B9FA73B}.Release|Any CPU.Build.0 = Release|Any CPU
		{FD5E7D5B-76E9-4590-A374-5E348B37678C}.Debug|Any CPU.ActiveCfg = Debug|Any CPU
		{FD5E7D5B-76E9-4590-A374-5E348B37678C}.Debug|Any CPU.Build.0 = Debug|Any CPU
		{FD5E7D5B-76E9-4590-A374-5E348B37678C}.Release|Any CPU.ActiveCfg = Release|Any CPU
		{FD5E7D5B-76E9-4590-A374-5E348B37678C}.Release|Any CPU.Build.0 = Release|Any CPU
		{E8FF2E84-F8A9-425F-B161-4CDF8587AD53}.Debug|Any CPU.ActiveCfg = Debug|Any CPU
		{E8FF2E84-F8A9-425F-B161-4CDF8587AD53}.Debug|Any CPU.Build.0 = Debug|Any CPU
		{E8FF2E84-F8A9-425F-B161-4CDF8587AD53}.Release|Any CPU.ActiveCfg = Release|Any CPU
		{E8FF2E84-F8A9-425F-B161-4CDF8587AD53}.Release|Any CPU.Build.0 = Release|Any CPU
		{B1F12C85-FAE4-4E14-9700-C31326F3958F}.Debug|Any CPU.ActiveCfg = Debug|Any CPU
		{B1F12C85-FAE4-4E14-9700-C31326F3958F}.Debug|Any CPU.Build.0 = Debug|Any CPU
		{B1F12C85-FAE4-4E14-9700-C31326F3958F}.Release|Any CPU.ActiveCfg = Release|Any CPU
		{B1F12C85-FAE4-4E14-9700-C31326F3958F}.Release|Any CPU.Build.0 = Release|Any CPU
		{BF9E28F6-A3FB-4002-9739-0A30A8998B43}.Debug|Any CPU.ActiveCfg = Debug|Any CPU
		{BF9E28F6-A3FB-4002-9739-0A30A8998B43}.Debug|Any CPU.Build.0 = Debug|Any CPU
		{BF9E28F6-A3FB-4002-9739-0A30A8998B43}.Release|Any CPU.ActiveCfg = Release|Any CPU
		{BF9E28F6-A3FB-4002-9739-0A30A8998B43}.Release|Any CPU.Build.0 = Release|Any CPU
		{2CDC3E16-F29F-4789-8555-E1541074DBE2}.Debug|Any CPU.ActiveCfg = Debug|Any CPU
		{2CDC3E16-F29F-4789-8555-E1541074DBE2}.Debug|Any CPU.Build.0 = Debug|Any CPU
		{2CDC3E16-F29F-4789-8555-E1541074DBE2}.Release|Any CPU.ActiveCfg = Release|Any CPU
		{2CDC3E16-F29F-4789-8555-E1541074DBE2}.Release|Any CPU.Build.0 = Release|Any CPU
		{B6D0E175-F460-4C39-9EA2-B0D3B34E5A86}.Debug|Any CPU.ActiveCfg = Debug|Any CPU
		{B6D0E175-F460-4C39-9EA2-B0D3B34E5A86}.Debug|Any CPU.Build.0 = Debug|Any CPU
		{B6D0E175-F460-4C39-9EA2-B0D3B34E5A86}.Release|Any CPU.ActiveCfg = Release|Any CPU
		{B6D0E175-F460-4C39-9EA2-B0D3B34E5A86}.Release|Any CPU.Build.0 = Release|Any CPU
		{A2EE32FE-4FF0-4B34-B08A-7DEF202F3E8A}.Debug|Any CPU.ActiveCfg = Debug|Any CPU
		{A2EE32FE-4FF0-4B34-B08A-7DEF202F3E8A}.Debug|Any CPU.Build.0 = Debug|Any CPU
		{A2EE32FE-4FF0-4B34-B08A-7DEF202F3E8A}.Release|Any CPU.ActiveCfg = Release|Any CPU
		{A2EE32FE-4FF0-4B34-B08A-7DEF202F3E8A}.Release|Any CPU.Build.0 = Release|Any CPU
		{C25A0A8B-E1F6-4EF7-9C55-C8CAFA42280B}.Debug|Any CPU.ActiveCfg = Debug|Any CPU
		{C25A0A8B-E1F6-4EF7-9C55-C8CAFA42280B}.Debug|Any CPU.Build.0 = Debug|Any CPU
		{C25A0A8B-E1F6-4EF7-9C55-C8CAFA42280B}.Release|Any CPU.ActiveCfg = Release|Any CPU
		{C25A0A8B-E1F6-4EF7-9C55-C8CAFA42280B}.Release|Any CPU.Build.0 = Release|Any CPU
	EndGlobalSection
	GlobalSection(SolutionProperties) = preSolution
		HideSolutionNode = FALSE
	EndGlobalSection
	GlobalSection(NestedProjects) = preSolution
		{D685AEC7-41BA-4A18-B690-952BDF78BEA0} = {69622F9E-8F70-4133-8550-3C930024CF20}
		{E9595CE6-0F33-4E27-942C-EA1E48AA9896} = {D685AEC7-41BA-4A18-B690-952BDF78BEA0}
		{AD21BB5E-B3D3-408C-8101-FC39EC78D95D} = {69622F9E-8F70-4133-8550-3C930024CF20}
		{CAA7F28B-8CA7-4230-AB84-52B19915CA90} = {AD21BB5E-B3D3-408C-8101-FC39EC78D95D}
		{74B8B49F-902F-4E71-A639-77F6182107B8} = {69622F9E-8F70-4133-8550-3C930024CF20}
		{B0C6137A-0E01-4E87-B796-F4421F98B450} = {74B8B49F-902F-4E71-A639-77F6182107B8}
		{0D7EFB6E-BFDD-4A82-B866-B26A7B9FA73B} = {74B8B49F-902F-4E71-A639-77F6182107B8}
		{FD5E7D5B-76E9-4590-A374-5E348B37678C} = {74B8B49F-902F-4E71-A639-77F6182107B8}
		{BC5733F0-5EC6-4FCA-9EC2-9C5852B733F2} = {69622F9E-8F70-4133-8550-3C930024CF20}
		{E8FF2E84-F8A9-425F-B161-4CDF8587AD53} = {BC5733F0-5EC6-4FCA-9EC2-9C5852B733F2}
		{B1F12C85-FAE4-4E14-9700-C31326F3958F} = {BC5733F0-5EC6-4FCA-9EC2-9C5852B733F2}
		{BF9E28F6-A3FB-4002-9739-0A30A8998B43} = {BC5733F0-5EC6-4FCA-9EC2-9C5852B733F2}
		{2CDC3E16-F29F-4789-8555-E1541074DBE2} = {BC5733F0-5EC6-4FCA-9EC2-9C5852B733F2}
		{B6D0E175-F460-4C39-9EA2-B0D3B34E5A86} = {8C40F35D-37AC-46BC-B9FD-B9DE9FE48CFC}
		{A2EE32FE-4FF0-4B34-B08A-7DEF202F3E8A} = {FF3CDE4F-5699-4906-8EC2-1FEDC39AC3B7}
		{C25A0A8B-E1F6-4EF7-9C55-C8CAFA42280B} = {FF3CDE4F-5699-4906-8EC2-1FEDC39AC3B7}
	EndGlobalSection
	GlobalSection(ExtensibilityGlobals) = postSolution
		SolutionGuid = {0E587559-067A-4F5F-9A47-CA41E1B56CB1}
	EndGlobalSection
EndGlobal
